
Microsoft Visual Studio Solution File, Format Version 12.00
# Visual Studio Version 16
VisualStudioVersion = 16.0.31613.86
MinimumVisualStudioVersion = 10.0.40219.1
Project("{FAE04EC0-301F-11D3-BF4B-00C04F79EFBC}") = "TransferenciaBancarias", "TransferenciaBancarias\TransferenciaBancarias.csproj", "{7799CAF6-BEDF-4564-863D-704DA28C463D}"
EndProject
Global
	GlobalSection(SolutionConfigurationPlatforms) = preSolution
		Debug|Any CPU = Debug|Any CPU
		Release|Any CPU = Release|Any CPU
	EndGlobalSection
	GlobalSection(ProjectConfigurationPlatforms) = postSolution
		{7799CAF6-BEDF-4564-863D-704DA28C463D}.Debug|Any CPU.ActiveCfg = Debug|Any CPU
		{7799CAF6-BEDF-4564-863D-704DA28C463D}.Debug|Any CPU.Build.0 = Debug|Any CPU
		{7799CAF6-BEDF-4564-863D-704DA28C463D}.Release|Any CPU.ActiveCfg = Release|Any CPU
		{7799CAF6-BEDF-4564-863D-704DA28C463D}.Release|Any CPU.Build.0 = Release|Any CPU
	EndGlobalSection
	GlobalSection(SolutionProperties) = preSolution
		HideSolutionNode = FALSE
	EndGlobalSection
	GlobalSection(ExtensibilityGlobals) = postSolution
		SolutionGuid = {602258DE-30E8-4866-8205-6115185F9354}
	EndGlobalSection
EndGlobal
